<?xml version="1.0" encoding="utf-8"?>
<Project ToolsVersion="4.0" xmlns="http://schemas.microsoft.com/developer/msbuild/2003">
  <ItemGroup>
    <Filter Include="Source Files">
      <UniqueIdentifier>{4FC737F1-C7A5-4376-A066-2A32D752A2FF}</UniqueIdentifier>
      <Extensions>cpp;c;cc;cxx;def;odl;idl;hpj;bat;asm;asmx</Extensions>
    </Filter>
    <Filter Include="Header Files">
      <UniqueIdentifier>{93995380-89BD-4b04-88EB-625FBE52EBFB}</UniqueIdentifier>
      <Extensions>h;hpp;hxx;hm;inl;inc;xsd</Extensions>
    </Filter>
    <Filter Include="Resource Files">
      <UniqueIdentifier>{67DA6AB6-F800-4c08-8B7A-83BB121AAD01}</UniqueIdentifier>
      <Extensions>rc;ico;cur;bmp;dlg;rc2;rct;bin;rgs;gif;jpg;jpeg;jpe;resx;tiff;tif;png;wav</Extensions>
    </Filter>
    <Filter Include="2d">
      <UniqueIdentifier>{0a299efe-f542-42e3-bce2-c4c9a8927623}</UniqueIdentifier>
    </Filter>
    <Filter Include="3d">
      <UniqueIdentifier>{122416d4-c15e-4d82-85da-0e69f79b8cb4}</UniqueIdentifier>
    </Filter>
    <Filter Include="image">
      <UniqueIdentifier>{853089f4-349d-4c46-b73f-54687352f5aa}</UniqueIdentifier>
    </Filter>
    <Filter Include="effects">
      <UniqueIdentifier>{9e7dc87f-c4ce-48e3-8b86-5fad8352880d}</UniqueIdentifier>
    </Filter>
    <Filter Include="shader">
      <UniqueIdentifier>{06e323c3-9b2b-41cf-bf32-2a25e8538250}</UniqueIdentifier>
    </Filter>
    <Filter Include="utilities">
      <UniqueIdentifier>{af5d2cfe-ebb4-4a67-9e01-fccc8dba4dce}</UniqueIdentifier>
    </Filter>
    <Filter Include="input">
      <UniqueIdentifier>{8cbe2800-ee2b-4eb4-88e0-cfeadc074369}</UniqueIdentifier>
    </Filter>
    <Filter Include="state">
      <UniqueIdentifier>{7f7db14c-c3e2-444c-81f6-2fd8cc606463}</UniqueIdentifier>
    </Filter>
    <Filter Include="layout">
      <UniqueIdentifier>{0ff42ebc-237e-4d35-9c27-4f6f6b4e5313}</UniqueIdentifier>
    </Filter>
  </ItemGroup>
  <ItemGroup>
    <ClCompile Include="..\..\glz-basecode\win\stdafx.cpp">
      <Filter>Source Files</Filter>
    </ClCompile>
    <ClCompile Include="..\..\glz-basecode\win\zeobase2.cpp">
      <Filter>Source Files</Filter>
    </ClCompile>
    <ClCompile Include="..\..\glz-core\2d\2d-graph.cpp">
      <Filter>2d</Filter>
    </ClCompile>
    <ClCompile Include="..\..\glz-core\2d\geo-2d.cpp">
      <Filter>2d</Filter>
    </ClCompile>
    <ClCompile Include="..\..\glz-core\3d\geo-generate.cpp">
      <Filter>3d</Filter>
    </ClCompile>
    <ClCompile Include="..\..\glz-core\3d\geo.cpp">
      <Filter>3d</Filter>
    </ClCompile>
    <ClCompile Include="..\..\glz-core\image\tex.cpp">
      <Filter>image</Filter>
    </ClCompile>
    <ClCompile Include="..\..\glz-core\effects\particle.cpp">
      <Filter>effects</Filter>
    </ClCompile>
    <ClCompile Include="..\..\glz-core\shader\shader.cpp">
      <Filter>shader</Filter>
    </ClCompile>
    <ClCompile Include="..\..\glz-core\utilities\tiletools.cpp">
      <Filter>utilities</Filter>
    </ClCompile>
    <ClCompile Include="..\..\glz-core\utilities\type.cpp">
      <Filter>utilities</Filter>
    </ClCompile>
    <ClCompile Include="..\..\glz-core\utilities\vectormath.cpp">
      <Filter>utilities</Filter>
    </ClCompile>
    <ClCompile Include="..\..\glz-core\utilities\glz.cpp">
      <Filter>utilities</Filter>
    </ClCompile>
    <ClCompile Include="..\..\glz-core\utilities\resourcemanager.cpp">
      <Filter>utilities</Filter>
    </ClCompile>
    <ClCompile Include="..\..\glz-core\app\appbase.cpp">
      <Filter>Source Files</Filter>
    </ClCompile>
    <ClCompile Include="..\..\glz-core\2d\2d-utilities.cpp">
      <Filter>2d</Filter>
    </ClCompile>
    <ClCompile Include="..\..\glz-core\input\input.cpp">
      <Filter>input</Filter>
    </ClCompile>
    <ClCompile Include="..\..\glz-core\utilities\sprite.cpp">
      <Filter>utilities</Filter>
    </ClCompile>
    <ClCompile Include="..\..\glz-core\utilities\color.cpp">
      <Filter>utilities</Filter>
    </ClCompile>
    <ClCompile Include="..\..\glz-core\utilities\framebuffer.cpp">
      <Filter>utilities</Filter>
    </ClCompile>
    <ClCompile Include="..\..\examples\z-tile\z-tile.cpp">
      <Filter>Source Files</Filter>
    </ClCompile>
    <ClCompile Include="..\..\examples\z-tile\bootStrap_z-tile.cpp">
      <Filter>Source Files</Filter>
    </ClCompile>
    <ClCompile Include="..\..\glz-core\state\baseState.cpp">
      <Filter>state</Filter>
    </ClCompile>
    <ClCompile Include="..\..\glz-core\layout\viewport.cpp">
      <Filter>layout</Filter>
    </ClCompile>
    <ClCompile Include="..\..\glz-core\state\stateManager.cpp">
      <Filter>state</Filter>
    </ClCompile>
    <ClCompile Include="..\..\glz-core\utilities\config.cpp">
      <Filter>utilities</Filter>
    </ClCompile>
  </ItemGroup>
  <ItemGroup>
    <ClInclude Include="..\..\glz-basecode\win\Resource.h">
      <Filter>Header Files</Filter>
    </ClInclude>
    <ClInclude Include="..\..\glz-basecode\win\stdafx.h">
      <Filter>Header Files</Filter>
    </ClInclude>
    <ClInclude Include="..\..\glz-basecode\win\targetver.h">
      <Filter>Header Files</Filter>
    </ClInclude>
    <ClInclude Include="..\..\glz-basecode\win\zeobase2.h">
      <Filter>Header Files</Filter>
    </ClInclude>
    <ClInclude Include="..\..\glz-core\2d\2d-graph.h">
      <Filter>2d</Filter>
    </ClInclude>
    <ClInclude Include="..\..\glz-core\2d\geo-2d.h">
      <Filter>2d</Filter>
    </ClInclude>
    <ClInclude Include="..\..\glz-core\3d\geo-generate.h">
      <Filter>3d</Filter>
    </ClInclude>
    <ClInclude Include="..\..\glz-core\3d\primitives.h">
      <Filter>3d</Filter>
    </ClInclude>
    <ClInclude Include="..\..\glz-core\3d\geo.h">
      <Filter>3d</Filter>
    </ClInclude>
    <ClInclude Include="..\..\glz-core\image\tex.h">
      <Filter>image</Filter>
    </ClInclude>
    <ClInclude Include="..\..\glz-core\effects\particle.h">
      <Filter>effects</Filter>
    </ClInclude>
    <ClInclude Include="..\..\glz-core\shader\shader.h">
      <Filter>shader</Filter>
    </ClInclude>
    <ClInclude Include="..\..\glz-core\shader\shader-programs.h">
      <Filter>shader</Filter>
    </ClInclude>
    <ClInclude Include="..\..\glz-core\utilities\resourcemanager.h">
      <Filter>utilities</Filter>
    </ClInclude>
    <ClInclude Include="..\..\glz-core\utilities\tiletools.h">
      <Filter>utilities</Filter>
    </ClInclude>
    <ClInclude Include="..\..\glz-core\utilities\type.h">
      <Filter>utilities</Filter>
    </ClInclude>
    <ClInclude Include="..\..\glz-core\utilities\vectormath.h">
      <Filter>utilities</Filter>
    </ClInclude>
    <ClInclude Include="..\..\glz-core\utilities\glz.h">
      <Filter>utilities</Filter>
    </ClInclude>
    <ClInclude Include="..\..\glz-core\app\appbase.h">
      <Filter>Header Files</Filter>
    </ClInclude>
    <ClInclude Include="..\..\glz-core\2d\2d-utilities.h">
      <Filter>2d</Filter>
    </ClInclude>
    <ClInclude Include="..\..\glz-core\input\input.h">
      <Filter>input</Filter>
    </ClInclude>
    <ClInclude Include="..\..\glz-core\utilities\color.h">
      <Filter>utilities</Filter>
    </ClInclude>
    <ClInclude Include="..\..\glz-core\utilities\sprite.h">
      <Filter>utilities</Filter>
    </ClInclude>
    <ClInclude Include="..\..\glz-core\utilities\framebuffer.h">
      <Filter>utilities</Filter>
    </ClInclude>
    <ClInclude Include="..\..\examples\z-tile\z-tile.h">
      <Filter>Header Files</Filter>
    </ClInclude>
    <ClInclude Include="..\..\glz-core\state\baseState.h">
      <Filter>state</Filter>
    </ClInclude>
    <ClInclude Include="..\..\glz-core\layout\viewport.h">
      <Filter>layout</Filter>
    </ClInclude>
    <ClInclude Include="..\..\glz-core\state\stateManager.h">
      <Filter>state</Filter>
    </ClInclude>
    <ClInclude Include="..\..\glz-core\utilities\config.h">
      <Filter>utilities</Filter>
    </ClInclude>
  </ItemGroup>
  <ItemGroup>
    <Image Include="..\..\glz-basecode\win\small.ico">
      <Filter>Resource Files</Filter>
    </Image>
    <Image Include="..\..\glz-basecode\win\zeobase2.ico">
      <Filter>Resource Files</Filter>
    </Image>
  </ItemGroup>
  <ItemGroup>
    <ResourceCompile Include="..\..\glz-basecode\win\zeobase2.rc">
      <Filter>Resource Files</Filter>
    </ResourceCompile>
  </ItemGroup>
</Project>